
Microsoft Visual Studio Solution File, Format Version 12.00
# Visual Studio Version 17
VisualStudioVersion = 17.4.33110.190
MinimumVisualStudioVersion = 10.0.40219.1
Project("{FAE04EC0-301F-11D3-BF4B-00C04F79EFBC}") = "ORM-Dapper", "ORM-Dapper\ORM-Dapper.csproj", "{77CB5CCF-9048-46F9-9D03-7554C4C16ABC}"
EndProject
Global
	GlobalSection(SolutionConfigurationPlatforms) = preSolution
		Debug|Any CPU = Debug|Any CPU
		Release|Any CPU = Release|Any CPU
	EndGlobalSection
	GlobalSection(ProjectConfigurationPlatforms) = postSolution
		{77CB5CCF-9048-46F9-9D03-7554C4C16ABC}.Debug|Any CPU.ActiveCfg = Debug|Any CPU
		{77CB5CCF-9048-46F9-9D03-7554C4C16ABC}.Debug|Any CPU.Build.0 = Debug|Any CPU
		{77CB5CCF-9048-46F9-9D03-7554C4C16ABC}.Release|Any CPU.ActiveCfg = Release|Any CPU
		{77CB5CCF-9048-46F9-9D03-7554C4C16ABC}.Release|Any CPU.Build.0 = Release|Any CPU
	EndGlobalSection
	GlobalSection(SolutionProperties) = preSolution
		HideSolutionNode = FALSE
	EndGlobalSection
	GlobalSection(ExtensibilityGlobals) = postSolution
		SolutionGuid = {E47DC5ED-29F1-4C40-91C7-7D04A6FA7791}
	EndGlobalSection
EndGlobal
